
Microsoft Visual Studio Solution File, Format Version 12.00
# Visual Studio Version 17
VisualStudioVersion = 17.0.32014.148
MinimumVisualStudioVersion = 10.0.40219.1
Project("{8BC9CEB8-8B4A-11D0-8D11-00A0C91BC942}") = "ConsoleApplication1", "ConsoleApplication1\ConsoleApplication1.vcxproj", "{B18D5FF5-A317-47D1-88D9-A7A7BDB177FA}"
EndProject
Project("{8BC9CEB8-8B4A-11D0-8D11-00A0C91BC942}") = "ConsoleApplication2", "ConsoleApplication2\ConsoleApplication2.vcxproj", "{43CBC7B6-86BA-4D0B-9B3E-18F69C671FB6}"
EndProject
Project("{8BC9CEB8-8B4A-11D0-8D11-00A0C91BC942}") = "ConsoleApplication3", "ConsoleApplication3\ConsoleApplication3.vcxproj", "{22DBE391-84E9-4D06-8307-4811512D0D33}"
EndProject
Project("{8BC9CEB8-8B4A-11D0-8D11-00A0C91BC942}") = "ConsoleApplication4", "ConsoleApplication4\ConsoleApplication4.vcxproj", "{3E51C9F7-CEE7-467C-A10E-1F895B817894}"
EndProject
Global
	GlobalSection(SolutionConfigurationPlatforms) = preSolution
		Debug|x64 = Debug|x64
		Debug|x86 = Debug|x86
		Release|x64 = Release|x64
		Release|x86 = Release|x86
	EndGlobalSection
	GlobalSection(ProjectConfigurationPlatforms) = postSolution
		{B18D5FF5-A317-47D1-88D9-A7A7BDB177FA}.Debug|x64.ActiveCfg = Debug|x64
		{B18D5FF5-A317-47D1-88D9-A7A7BDB177FA}.Debug|x64.Build.0 = Debug|x64
		{B18D5FF5-A317-47D1-88D9-A7A7BDB177FA}.Debug|x86.ActiveCfg = Debug|Win32
		{B18D5FF5-A317-47D1-88D9-A7A7BDB177FA}.Debug|x86.Build.0 = Debug|Win32
		{B18D5FF5-A317-47D1-88D9-A7A7BDB177FA}.Release|x64.ActiveCfg = Release|x64
		{B18D5FF5-A317-47D1-88D9-A7A7BDB177FA}.Release|x64.Build.0 = Release|x64
		{B18D5FF5-A317-47D1-88D9-A7A7BDB177FA}.Release|x86.ActiveCfg = Release|Win32
		{B18D5FF5-A317-47D1-88D9-A7A7BDB177FA}.Release|x86.Build.0 = Release|Win32
		{43CBC7B6-86BA-4D0B-9B3E-18F69C671FB6}.Debug|x64.ActiveCfg = Debug|x64
		{43CBC7B6-86BA-4D0B-9B3E-18F69C671FB6}.Debug|x64.Build.0 = Debug|x64
		{43CBC7B6-86BA-4D0B-9B3E-18F69C671FB6}.Debug|x86.ActiveCfg = Debug|Win32
		{43CBC7B6-86BA-4D0B-9B3E-18F69C671FB6}.Debug|x86.Build.0 = Debug|Win32
		{43CBC7B6-86BA-4D0B-9B3E-18F69C671FB6}.Release|x64.ActiveCfg = Release|x64
		{43CBC7B6-86BA-4D0B-9B3E-18F69C671FB6}.Release|x64.Build.0 = Release|x64
		{43CBC7B6-86BA-4D0B-9B3E-18F69C671FB6}.Release|x86.ActiveCfg = Release|Win32
		{43CBC7B6-86BA-4D0B-9B3E-18F69C671FB6}.Release|x86.Build.0 = Release|Win32
		{22DBE391-84E9-4D06-8307-4811512D0D33}.Debug|x64.ActiveCfg = Debug|x64
		{22DBE391-84E9-4D06-8307-4811512D0D33}.Debug|x64.Build.0 = Debug|x64
		{22DBE391-84E9-4D06-8307-4811512D0D33}.Debug|x86.ActiveCfg = Debug|Win32
		{22DBE391-84E9-4D06-8307-4811512D0D33}.Debug|x86.Build.0 = Debug|Win32
		{22DBE391-84E9-4D06-8307-4811512D0D33}.Release|x64.ActiveCfg = Release|x64
		{22DBE391-84E9-4D06-8307-4811512D0D33}.Release|x64.Build.0 = Release|x64
		{22DBE391-84E9-4D06-8307-4811512D0D33}.Release|x86.ActiveCfg = Release|Win32
		{22DBE391-84E9-4D06-8307-4811512D0D33}.Release|x86.Build.0 = Release|Win32
		{3E51C9F7-CEE7-467C-A10E-1F895B817894}.Debug|x64.ActiveCfg = Debug|x64
		{3E51C9F7-CEE7-467C-A10E-1F895B817894}.Debug|x64.Build.0 = Debug|x64
		{3E51C9F7-CEE7-467C-A10E-1F895B817894}.Debug|x86.ActiveCfg = Debug|Win32
		{3E51C9F7-CEE7-467C-A10E-1F895B817894}.Debug|x86.Build.0 = Debug|Win32
		{3E51C9F7-CEE7-467C-A10E-1F895B817894}.Release|x64.ActiveCfg = Release|x64
		{3E51C9F7-CEE7-467C-A10E-1F895B817894}.Release|x64.Build.0 = Release|x64
		{3E51C9F7-CEE7-467C-A10E-1F895B817894}.Release|x86.ActiveCfg = Release|Win32
		{3E51C9F7-CEE7-467C-A10E-1F895B817894}.Release|x86.Build.0 = Release|Win32
	EndGlobalSection
	GlobalSection(SolutionProperties) = preSolution
		HideSolutionNode = FALSE
	EndGlobalSection
	GlobalSection(ExtensibilityGlobals) = postSolution
		SolutionGuid = {44A50B94-A0BC-4C49-8FA6-421ED360546B}
	EndGlobalSection
EndGlobal
